{
  "name": "npm-proj-consumer",
  "version": "1.0.0",
  "lockfileVersion": 3,
  "requires": true,
  "packages": {
    "": {
      "name": "npm-proj-consumer",
      "version": "1.0.0",
      "license": "ISC",
      "dependencies": {
        "@sud/npm-proj": "file:./lib/sud-npm-proj-1.0.1.tgz"
      }
    },
    "node_modules/@sud/npm-proj": {
      "version": "1.0.1",
      "resolved": "file:lib/sud-npm-proj-1.0.1.tgz",
      "integrity": "sha512-ZSVqOeheeOfF6Cpfdr+MDN1vczXW+Psq81BTqG3onrhaJiek9IxQZPklEes9WgfFcWffFtAO0NcnvHR9ab+ZEQ==",
      "license": "ISC"
    }
  }
}
