{
  "name": "npm-proj-consumer",
  "version": "1.0.0",
  "lockfileVersion": 3,
  "requires": true,
  "packages": {
    "": {
      "name": "npm-proj-consumer",
      "version": "1.0.0",
      "license": "ISC",
      "dependencies": {
        "@sud/npm-proj": "file:./sud-npm-proj-1.0.0.tgz"
      }
    },
    "node_modules/@sud/npm-proj": {
      "version": "1.0.0",
      "resolved": "file:sud-npm-proj-1.0.0.tgz",
      "integrity": "sha512-emTbDelkcWHDNM5+lqfl9eD93PKex0mXIRD+vlkZRo9PzTZElpWdcVNIiDPbvpM1TYe4J8JBezMS5L14fKhXHQ==",
      "license": "ISC"
    }
  }
}
