{
  "name": "npm-proj-consumer",
  "version": "1.0.0",
  "lockfileVersion": 3,
  "requires": true,
  "packages": {
    "": {
      "name": "npm-proj-consumer",
      "version": "1.0.0",
      "license": "ISC",
      "dependencies": {
        "@sud/npm-proj": "github:sudarsana-reddy/npm-proj"
      }
    },
    "node_modules/@sud/npm-proj": {
      "version": "1.0.1",
      "resolved": "git+ssh://git@github.com/sudarsana-reddy/npm-proj.git",
      "license": "ISC"
    }
  }
}
